
Microsoft Visual Studio Solution File, Format Version 12.00
# Visual Studio Version 17
VisualStudioVersion = 17.1.32421.90
MinimumVisualStudioVersion = 10.0.40219.1
Project("{2150E333-8FDC-42A3-9474-1A3956D46DE8}") = "FrontEnd", "FrontEnd", "{AC7D52CC-1C80-4AD7-BC83-69EE679AB424}"
EndProject
Project("{9A19103F-16F7-4668-BE54-9A1E7A4F7556}") = "CshMicro.Web", "CshMicro.Web\CshMicro.Web.csproj", "{49A0C985-6562-4EE7-8A65-0D4362EF74E6}"
EndProject
Project("{2150E333-8FDC-42A3-9474-1A3956D46DE8}") = "Services", "Services", "{6591E92D-2FAE-4DEA-A195-9C821EC42B92}"
EndProject
Project("{9A19103F-16F7-4668-BE54-9A1E7A4F7556}") = "CshMicro.API", "CshMicro.API\CshMicro.API.csproj", "{1BC64B7B-D205-4451-BF11-5694FCC5C26E}"
EndProject
Project("{FAE04EC0-301F-11D3-BF4B-00C04F79EFBC}") = "CshMicro.Services.Identity", "CshMicro.Services.Identity\CshMicro.Services.Identity.csproj", "{7EE83846-42C6-4032-B772-67489B419B69}"
EndProject
Global
	GlobalSection(SolutionConfigurationPlatforms) = preSolution
		Debug|Any CPU = Debug|Any CPU
		Release|Any CPU = Release|Any CPU
	EndGlobalSection
	GlobalSection(ProjectConfigurationPlatforms) = postSolution
		{49A0C985-6562-4EE7-8A65-0D4362EF74E6}.Debug|Any CPU.ActiveCfg = Debug|Any CPU
		{49A0C985-6562-4EE7-8A65-0D4362EF74E6}.Debug|Any CPU.Build.0 = Debug|Any CPU
		{49A0C985-6562-4EE7-8A65-0D4362EF74E6}.Release|Any CPU.ActiveCfg = Release|Any CPU
		{49A0C985-6562-4EE7-8A65-0D4362EF74E6}.Release|Any CPU.Build.0 = Release|Any CPU
		{1BC64B7B-D205-4451-BF11-5694FCC5C26E}.Debug|Any CPU.ActiveCfg = Debug|Any CPU
		{1BC64B7B-D205-4451-BF11-5694FCC5C26E}.Debug|Any CPU.Build.0 = Debug|Any CPU
		{1BC64B7B-D205-4451-BF11-5694FCC5C26E}.Release|Any CPU.ActiveCfg = Release|Any CPU
		{1BC64B7B-D205-4451-BF11-5694FCC5C26E}.Release|Any CPU.Build.0 = Release|Any CPU
		{7EE83846-42C6-4032-B772-67489B419B69}.Debug|Any CPU.ActiveCfg = Debug|Any CPU
		{7EE83846-42C6-4032-B772-67489B419B69}.Debug|Any CPU.Build.0 = Debug|Any CPU
		{7EE83846-42C6-4032-B772-67489B419B69}.Release|Any CPU.ActiveCfg = Release|Any CPU
		{7EE83846-42C6-4032-B772-67489B419B69}.Release|Any CPU.Build.0 = Release|Any CPU
	EndGlobalSection
	GlobalSection(SolutionProperties) = preSolution
		HideSolutionNode = FALSE
	EndGlobalSection
	GlobalSection(NestedProjects) = preSolution
		{49A0C985-6562-4EE7-8A65-0D4362EF74E6} = {AC7D52CC-1C80-4AD7-BC83-69EE679AB424}
		{1BC64B7B-D205-4451-BF11-5694FCC5C26E} = {6591E92D-2FAE-4DEA-A195-9C821EC42B92}
		{7EE83846-42C6-4032-B772-67489B419B69} = {6591E92D-2FAE-4DEA-A195-9C821EC42B92}
	EndGlobalSection
	GlobalSection(ExtensibilityGlobals) = postSolution
		SolutionGuid = {B3BF3778-9EB8-4706-B4AE-EDC4F08A581E}
	EndGlobalSection
EndGlobal
